
Microsoft Visual Studio Solution File, Format Version 12.00
# Visual Studio Version 17
VisualStudioVersion = 17.2.32630.192
MinimumVisualStudioVersion = 10.0.40219.1
Project("{FAE04EC0-301F-11D3-BF4B-00C04F79EFBC}") = "LanchesSite", "LanchesSite\LanchesSite.csproj", "{682DD277-6618-4746-B409-65B57F27410E}"
EndProject
Global
	GlobalSection(SolutionConfigurationPlatforms) = preSolution
		Debug|Any CPU = Debug|Any CPU
		Release|Any CPU = Release|Any CPU
	EndGlobalSection
	GlobalSection(ProjectConfigurationPlatforms) = postSolution
		{682DD277-6618-4746-B409-65B57F27410E}.Debug|Any CPU.ActiveCfg = Debug|Any CPU
		{682DD277-6618-4746-B409-65B57F27410E}.Debug|Any CPU.Build.0 = Debug|Any CPU
		{682DD277-6618-4746-B409-65B57F27410E}.Release|Any CPU.ActiveCfg = Release|Any CPU
		{682DD277-6618-4746-B409-65B57F27410E}.Release|Any CPU.Build.0 = Release|Any CPU
	EndGlobalSection
	GlobalSection(SolutionProperties) = preSolution
		HideSolutionNode = FALSE
	EndGlobalSection
	GlobalSection(ExtensibilityGlobals) = postSolution
		SolutionGuid = {EC839094-D0C0-4C64-9632-AFB9E3CEF159}
	EndGlobalSection
EndGlobal
